{
  "name": "@mozgbrasil/mozgbrasil-github-io",
  "version": "1.0.0",
  "lockfileVersion": 3,
  "requires": true,
  "packages": {
    "": {
      "name": "@mozgbrasil/mozgbrasil-github-io",
      "version": "1.0.0",
      "license": "MIT",
      "engines": {
        "node": ">=22.0.0",
        "npm": ">=11.0.0"
      }
    }
  }
}
